
Microsoft Visual Studio Solution File, Format Version 12.00
# Visual Studio Version 16
VisualStudioVersion = 16.0.30907.101
MinimumVisualStudioVersion = 10.0.40219.1
Project("{9A19103F-16F7-4668-BE54-9A1E7A4F7556}") = "ConcurrentTrainSimulation", "ConcurrentTrainSimulation\ConcurrentTrainSimulation.csproj", "{789EDA61-D369-4ADF-A848-D78D1E4231C6}"
EndProject
Project("{FAE04EC0-301F-11D3-BF4B-00C04F79EFBC}") = "Route", "Route\Route.csproj", "{44D65E4F-8E90-4A4A-8DF2-A1BC2B438257}"
EndProject
Global
	GlobalSection(SolutionConfigurationPlatforms) = preSolution
		Debug|Any CPU = Debug|Any CPU
		Release|Any CPU = Release|Any CPU
	EndGlobalSection
	GlobalSection(ProjectConfigurationPlatforms) = postSolution
		{789EDA61-D369-4ADF-A848-D78D1E4231C6}.Debug|Any CPU.ActiveCfg = Debug|Any CPU
		{789EDA61-D369-4ADF-A848-D78D1E4231C6}.Debug|Any CPU.Build.0 = Debug|Any CPU
		{789EDA61-D369-4ADF-A848-D78D1E4231C6}.Release|Any CPU.ActiveCfg = Release|Any CPU
		{789EDA61-D369-4ADF-A848-D78D1E4231C6}.Release|Any CPU.Build.0 = Release|Any CPU
		{44D65E4F-8E90-4A4A-8DF2-A1BC2B438257}.Debug|Any CPU.ActiveCfg = Debug|Any CPU
		{44D65E4F-8E90-4A4A-8DF2-A1BC2B438257}.Debug|Any CPU.Build.0 = Debug|Any CPU
		{44D65E4F-8E90-4A4A-8DF2-A1BC2B438257}.Release|Any CPU.ActiveCfg = Release|Any CPU
		{44D65E4F-8E90-4A4A-8DF2-A1BC2B438257}.Release|Any CPU.Build.0 = Release|Any CPU
	EndGlobalSection
	GlobalSection(SolutionProperties) = preSolution
		HideSolutionNode = FALSE
	EndGlobalSection
	GlobalSection(ExtensibilityGlobals) = postSolution
		SolutionGuid = {83FA0CC4-C5A7-4587-B234-F53CA8159F66}
	EndGlobalSection
EndGlobal
